// !$*UTF8*$!
{
	archiveVersion = 1;
	classes = {
	};
	objectVersion = 46;
	objects = {

/* Begin PBXBuildFile section */
		284D54BA1E94761600EBF677 /* AppDelegate.swift in Sources */ = {isa = PBXBuildFile; fileRef = 284D54B91E94761600EBF677 /* AppDelegate.swift */; };
		284D54BC1E94761600EBF677 /* ViewController.swift in Sources */ = {isa = PBXBuildFile; fileRef = 284D54BB1E94761600EBF677 /* ViewController.swift */; };
		284D54BF1E94761600EBF677 /* Main.storyboard in Resources */ = {isa = PBXBuildFile; fileRef = 284D54BD1E94761600EBF677 /* Main.storyboard */; };
		284D54C21E94761600EBF677 /* Sound_board.xcdatamodeld in Sources */ = {isa = PBXBuildFile; fileRef = 284D54C01E94761600EBF677 /* Sound_board.xcdatamodeld */; };
		284D54C41E94761600EBF677 /* Assets.xcassets in Resources */ = {isa = PBXBuildFile; fileRef = 284D54C31E94761600EBF677 /* Assets.xcassets */; };
		284D54C71E94761600EBF677 /* LaunchScreen.storyboard in Resources */ = {isa = PBXBuildFile; fileRef = 284D54C51E94761600EBF677 /* LaunchScreen.storyboard */; };
		284D54CF1E948B2100EBF677 /* SoundViewController.swift in Sources */ = {isa = PBXBuildFile; fileRef = 284D54CE1E948B2100EBF677 /* SoundViewController.swift */; };
/* End PBXBuildFile section */

/* Begin PBXFileReference section */
		284D54B61E94761500EBF677 /* Sound board.app */ = {isa = PBXFileReference; explicitFileType = wrapper.application; includeInIndex = 0; path = "Sound board.app"; sourceTree = BUILT_PRODUCTS_DIR; };
		284D54B91E94761600EBF677 /* AppDelegate.swift */ = {isa = PBXFileReference; lastKnownFileType = sourcecode.swift; path = AppDelegate.swift; sourceTree = "<group>"; };
		284D54BB1E94761600EBF677 /* ViewController.swift */ = {isa = PBXFileReference; lastKnownFileType = sourcecode.swift; path = ViewController.swift; sourceTree = "<group>"; };
		284D54BE1E94761600EBF677 /* Base */ = {isa = PBXFileReference; lastKnownFileType = file.storyboard; name = Base; path = Base.lproj/Main.storyboard; sourceTree = "<group>"; };
		284D54C11E94761600EBF677 /* Sound_board.xcdatamodel */ = {isa = PBXFileReference; lastKnownFileType = wrapper.xcdatamodel; path = Sound_board.xcdatamodel; sourceTree = "<group>"; };
		284D54C31E94761600EBF677 /* Assets.xcassets */ = {isa = PBXFileReference; lastKnownFileType = folder.assetcatalog; path = Assets.xcassets; sourceTree = "<group>"; };
		284D54C61E94761600EBF677 /* Base */ = {isa = PBXFileReference; lastKnownFileType = file.storyboard; name = Base; path = Base.lproj/LaunchScreen.storyboard; sourceTree = "<group>"; };
		284D54C81E94761600EBF677 /* Info.plist */ = {isa = PBXFileReference; lastKnownFileType = text.plist.xml; path = Info.plist; sourceTree = "<group>"; };
		284D54CE1E948B2100EBF677 /* SoundViewController.swift */ = {isa = PBXFileReference; fileEncoding = 4; lastKnownFileType = sourcecode.swift; path = SoundViewController.swift; sourceTree = "<group>"; };
/* End PBXFileReference section */

/* Begin PBXFrameworksBuildPhase section */
		284D54B31E94761500EBF677 /* Frameworks */ = {
			isa = PBXFrameworksBuildPhase;
			buildActionMask = 2147483647;
			files = (
			);
			runOnlyForDeploymentPostprocessing = 0;
		};
/* End PBXFrameworksBuildPhase section */

/* Begin PBXGroup section */
		284D54AD1E94761500EBF677 = {
			isa = PBXGroup;
			children = (
				284D54B81E94761500EBF677 /* Sound board */,
				284D54B71E94761500EBF677 /* Products */,
			);
			sourceTree = "<group>";
		};
		284D54B71E94761500EBF677 /* Products */ = {
			isa = PBXGroup;
			children = (
				284D54B61E94761500EBF677 /* Sound board.app */,
			);
			name = Products;
			sourceTree = "<group>";
		};
		284D54B81E94761500EBF677 /* Sound board */ = {
			isa = PBXGroup;
			children = (
				284D54B91E94761600EBF677 /* AppDelegate.swift */,
				284D54BB1E94761600EBF677 /* ViewController.swift */,
				284D54CE1E948B2100EBF677 /* SoundViewController.swift */,
				284D54BD1E94761600EBF677 /* Main.storyboard */,
				284D54C31E94761600EBF677 /* Assets.xcassets */,
				284D54C51E94761600EBF677 /* LaunchScreen.storyboard */,
				284D54C81E94761600EBF677 /* Info.plist */,
				284D54C01E94761600EBF677 /* Sound_board.xcdatamodeld */,
			);
			path = "Sound board";
			sourceTree = "<group>";
		};
/* End PBXGroup section */

/* Begin PBXNativeTarget section */
		284D54B51E94761500EBF677 /* Sound board */ = {
			isa = PBXNativeTarget;
			buildConfigurationList = 284D54CB1E94761600EBF677 /* Build configuration list for PBXNativeTarget "Sound board" */;
			buildPhases = (
				284D54B21E94761500EBF677 /* Sources */,
				284D54B31E94761500EBF677 /* Frameworks */,
				284D54B41E94761500EBF677 /* Resources */,
			);
			buildRules = (
			);
			dependencies = (
			);
			name = "Sound board";
			productName = "Sound board";
			productReference = 284D54B61E94761500EBF677 /* Sound board.app */;
			productType = "com.apple.product-type.application";
		};
/* End PBXNativeTarget section */

/* Begin PBXProject section */
		284D54AE1E94761500EBF677 /* Project object */ = {
			isa = PBXProject;
			attributes = {
				LastSwiftUpdateCheck = 0830;
				LastUpgradeCheck = 0830;
				ORGANIZATIONNAME = "Faisal Alkhotaifi";
				TargetAttributes = {
					284D54B51E94761500EBF677 = {
						CreatedOnToolsVersion = 8.3;
						DevelopmentTeam = WW8CTKBQ93;
						ProvisioningStyle = Automatic;
					};
				};
			};
			buildConfigurationList = 284D54B11E94761500EBF677 /* Build configuration list for PBXProject "Sound board" */;
			compatibilityVersion = "Xcode 3.2";
			developmentRegion = English;
			hasScannedForEncodings = 0;
			knownRegions = (
				en,
				Base,
			);
			mainGroup = 284D54AD1E94761500EBF677;
			productRefGroup = 284D54B71E94761500EBF677 /* Products */;
			projectDirPath = "";
			projectRoot = "";
			targets = (
				284D54B51E94761500EBF677 /* Sound board */,
			);
		};
/* End PBXProject section */

/* Begin PBXResourcesBuildPhase section */
		284D54B41E94761500EBF677 /* Resources */ = {
			isa = PBXResourcesBuildPhase;
			buildActionMask = 2147483647;
			files = (
				284D54C71E94761600EBF677 /* LaunchScreen.storyboard in Resources */,
				284D54C41E94761600EBF677 /* Assets.xcassets in Resources */,
				284D54BF1E94761600EBF677 /* Main.storyboard in Resources */,
			);
			runOnlyForDeploymentPostprocessing = 0;
		};
/* End PBXResourcesBuildPhase section */

/* Begin PBXSourcesBuildPhase section */
		284D54B21E94761500EBF677 /* Sources */ = {
			isa = PBXSourcesBuildPhase;
			buildActionMask = 2147483647;
			files = (
				284D54CF1E948B2100EBF677 /* SoundViewController.swift in Sources */,
				284D54BC1E94761600EBF677 /* ViewController.swift in Sources */,
				284D54C21E94761600EBF677 /* Sound_board.xcdatamodeld in Sources */,
				284D54BA1E94761600EBF677 /* AppDelegate.swift in Sources */,
			);
			runOnlyForDeploymentPostprocessing = 0;
		};
/* End PBXSourcesBuildPhase section */

/* Begin PBXVariantGroup section */
		284D54BD1E94761600EBF677 /* Main.storyboard */ = {
			isa = PBXVariantGroup;
			children = (
				284D54BE1E94761600EBF677 /* Base */,
			);
			name = Main.storyboard;
			sourceTree = "<group>";
		};
		284D54C51E94761600EBF677 /* LaunchScreen.storyboard */ = {
			isa = PBXVariantGroup;
			children = (
				284D54C61E94761600EBF677 /* Base */,
			);
			name = LaunchScreen.storyboard;
			sourceTree = "<group>";
		};
/* End PBXVariantGroup section */

/* Begin XCBuildConfiguration section */
		284D54C91E94761600EBF677 /* Debug */ = {
			isa = XCBuildConfiguration;
			buildSettings = {
				ALWAYS_SEARCH_USER_PATHS = NO;
				CLANG_ANALYZER_NONNULL = YES;
				CLANG_ANALYZER_NUMBER_OBJECT_CONVERSION = YES_AGGRESSIVE;
				CLANG_CXX_LANGUAGE_STANDARD = "gnu++0x";
				CLANG_CXX_LIBRARY = "libc++";
				CLANG_ENABLE_MODULES = YES;
				CLANG_ENABLE_OBJC_ARC = YES;
				CLANG_WARN_BOOL_CONVERSION = YES;
				CLANG_WARN_CONSTANT_CONVERSION = YES;
				CLANG_WARN_DIRECT_OBJC_ISA_USAGE = YES_ERROR;
				CLANG_WARN_DOCUMENTATION_COMMENTS = YES;
				CLANG_WARN_EMPTY_BODY = YES;
				CLANG_WARN_ENUM_CONVERSION = YES;
				CLANG_WARN_INFINITE_RECURSION = YES;
				CLANG_WARN_INT_CONVERSION = YES;
				CLANG_WARN_OBJC_ROOT_CLASS = YES_ERROR;
				CLANG_WARN_SUSPICIOUS_MOVE = YES;
				CLANG_WARN_UNREACHABLE_CODE = YES;
				CLANG_WARN__DUPLICATE_METHOD_MATCH = YES;
				"CODE_SIGN_IDENTITY[sdk=iphoneos*]" = "iPhone Developer";
				COPY_PHASE_STRIP = NO;
				DEBUG_INFORMATION_FORMAT = dwarf;
				ENABLE_STRICT_OBJC_MSGSEND = YES;
				ENABLE_TESTABILITY = YES;
				GCC_C_LANGUAGE_STANDARD = gnu99;
				GCC_DYNAMIC_NO_PIC = NO;
				GCC_NO_COMMON_BLOCKS = YES;
				GCC_OPTIMIZATION_LEVEL = 0;
				GCC_PREPROCESSOR_DEFINITIONS = (
					"DEBUG=1",
					"$(inherited)",
				);
				GCC_WARN_64_TO_32_BIT_CONVERSION = YES;
				GCC_WARN_ABOUT_RETURN_TYPE = YES_ERROR;
				GCC_WARN_UNDECLARED_SELECTOR = YES;
				GCC_WARN_UNINITIALIZED_AUTOS = YES_AGGRESSIVE;
				GCC_WARN_UNUSED_FUNCTION = YES;
				GCC_WARN_UNUSED_VARIABLE = YES;
				IPHONEOS_DEPLOYMENT_TARGET = 10.3;
				MTL_ENABLE_DEBUG_INFO = YES;
				ONLY_ACTIVE_ARCH = YES;
				SDKROOT = iphoneos;
				SWIFT_ACTIVE_COMPILATION_CONDITIONS = DEBUG;
				SWIFT_OPTIMIZATION_LEVEL = "-Onone";
				TARGETED_DEVICE_FAMILY = "1,2";
			};
			name = Debug;
		};
		284D54CA1E94761600EBF677 /* Release */ = {
			isa = XCBuildConfiguration;
			buildSettings = {
				ALWAYS_SEARCH_USER_PATHS = NO;
				CLANG_ANALYZER_NONNULL = YES;
				CLANG_ANALYZER_NUMBER_OBJECT_CONVERSION = YES_AGGRESSIVE;
				CLANG_CXX_LANGUAGE_STANDARD = "gnu++0x";
				CLANG_CXX_LIBRARY = "libc++";
				CLANG_ENABLE_MODULES = YES;
				CLANG_ENABLE_OBJC_ARC = YES;
				CLANG_WARN_BOOL_CONVERSION = YES;
				CLANG_WARN_CONSTANT_CONVERSION = YES;
				CLANG_WARN_DIRECT_OBJC_ISA_USAGE = YES_ERROR;
				CLANG_WARN_DOCUMENTATION_COMMENTS = YES;
				CLANG_WARN_EMPTY_BODY = YES;
				CLANG_WARN_ENUM_CONVERSION = YES;
				CLANG_WARN_INFINITE_RECURSION = YES;
				CLANG_WARN_INT_CONVERSION = YES;
				CLANG_WARN_OBJC_ROOT_CLASS = YES_ERROR;
				CLANG_WARN_SUSPICIOUS_MOVE = YES;
				CLANG_WARN_UNREACHABLE_CODE = YES;
				CLANG_WARN__DUPLICATE_METHOD_MATCH = YES;
				"CODE_SIGN_IDENTITY[sdk=iphoneos*]" = "iPhone Developer";
				COPY_PHASE_STRIP = NO;
				DEBUG_INFORMATION_FORMAT = "dwarf-with-dsym";
				ENABLE_NS_ASSERTIONS = NO;
				ENABLE_STRICT_OBJC_MSGSEND = YES;
				GCC_C_LANGUAGE_STANDARD = gnu99;
				GCC_NO_COMMON_BLOCKS = YES;
				GCC_WARN_64_TO_32_BIT_CONVERSION = YES;
				GCC_WARN_ABOUT_RETURN_TYPE = YES_ERROR;
				GCC_WARN_UNDECLARED_SELECTOR = YES;
				GCC_WARN_UNINITIALIZED_AUTOS = YES_AGGRESSIVE;
				GCC_WARN_UNUSED_FUNCTION = YES;
				GCC_WARN_UNUSED_VARIABLE = YES;
				IPHONEOS_DEPLOYMENT_TARGET = 10.3;
				MTL_ENABLE_DEBUG_INFO = NO;
				SDKROOT = iphoneos;
				SWIFT_OPTIMIZATION_LEVEL = "-Owholemodule";
				TARGETED_DEVICE_FAMILY = "1,2";
				VALIDATE_PRODUCT = YES;
			};
			name = Release;
		};
		284D54CC1E94761600EBF677 /* Debug */ = {
			isa = XCBuildConfiguration;
			buildSettings = {
				ASSETCATALOG_COMPILER_APPICON_NAME = AppIcon;
				DEVELOPMENT_TEAM = WW8CTKBQ93;
				INFOPLIST_FILE = "Sound board/Info.plist";
				LD_RUNPATH_SEARCH_PATHS = "$(inherited) @executable_path/Frameworks";
				PRODUCT_BUNDLE_IDENTIFIER = "com.falkhotaifi.Sound-board";
				PRODUCT_NAME = "$(TARGET_NAME)";
				SWIFT_VERSION = 3.0;
			};
			name = Debug;
		};
		284D54CD1E94761600EBF677 /* Release */ = {
			isa = XCBuildConfiguration;
			buildSettings = {
				ASSETCATALOG_COMPILER_APPICON_NAME = AppIcon;
				DEVELOPMENT_TEAM = WW8CTKBQ93;
				INFOPLIST_FILE = "Sound board/Info.plist";
				LD_RUNPATH_SEARCH_PATHS = "$(inherited) @executable_path/Frameworks";
				PRODUCT_BUNDLE_IDENTIFIER = "com.falkhotaifi.Sound-board";
				PRODUCT_NAME = "$(TARGET_NAME)";
				SWIFT_VERSION = 3.0;
			};
			name = Release;
		};
/* End XCBuildConfiguration section */

/* Begin XCConfigurationList section */
		284D54B11E94761500EBF677 /* Build configuration list for PBXProject "Sound board" */ = {
			isa = XCConfigurationList;
			buildConfigurations = (
				284D54C91E94761600EBF677 /* Debug */,
				284D54CA1E94761600EBF677 /* Release */,
			);
			defaultConfigurationIsVisible = 0;
			defaultConfigurationName = Release;
		};
		284D54CB1E94761600EBF677 /* Build configuration list for PBXNativeTarget "Sound board" */ = {
			isa = XCConfigurationList;
			buildConfigurations = (
				284D54CC1E94761600EBF677 /* Debug */,
				284D54CD1E94761600EBF677 /* Release */,
			);
			defaultConfigurationIsVisible = 0;
			defaultConfigurationName = Release;
		};
/* End XCConfigurationList section */

/* Begin XCVersionGroup section */
		284D54C01E94761600EBF677 /* Sound_board.xcdatamodeld */ = {
			isa = XCVersionGroup;
			children = (
				284D54C11E94761600EBF677 /* Sound_board.xcdatamodel */,
			);
			currentVersion = 284D54C11E94761600EBF677 /* Sound_board.xcdatamodel */;
			path = Sound_board.xcdatamodeld;
			sourceTree = "<group>";
			versionGroupType = wrapper.xcdatamodel;
		};
/* End XCVersionGroup section */
	};
	rootObject = 284D54AE1E94761500EBF677 /* Project object */;
}
